
Microsoft Visual Studio Solution File, Format Version 12.00
# Visual Studio Version 17
VisualStudioVersion = 17.5.33424.131
MinimumVisualStudioVersion = 10.0.40219.1
Project("{FAE04EC0-301F-11D3-BF4B-00C04F79EFBC}") = "MoodAnalyserProblem", "MoodAnalyserProblem.csproj", "{12A1BAF4-51ED-4280-A8E6-AF3920AA6936}"
EndProject
Project("{FAE04EC0-301F-11D3-BF4B-00C04F79EFBC}") = "MoodAnalyserProblemTest", "..\MoodAnalyserProblemTest\MoodAnalyserProblemTest.csproj", "{31036066-EA79-465F-9489-4B6CC9928ACD}"
EndProject
Global
	GlobalSection(SolutionConfigurationPlatforms) = preSolution
		Debug|Any CPU = Debug|Any CPU
		Release|Any CPU = Release|Any CPU
	EndGlobalSection
	GlobalSection(ProjectConfigurationPlatforms) = postSolution
		{12A1BAF4-51ED-4280-A8E6-AF3920AA6936}.Debug|Any CPU.ActiveCfg = Debug|Any CPU
		{12A1BAF4-51ED-4280-A8E6-AF3920AA6936}.Debug|Any CPU.Build.0 = Debug|Any CPU
		{12A1BAF4-51ED-4280-A8E6-AF3920AA6936}.Release|Any CPU.ActiveCfg = Release|Any CPU
		{12A1BAF4-51ED-4280-A8E6-AF3920AA6936}.Release|Any CPU.Build.0 = Release|Any CPU
		{31036066-EA79-465F-9489-4B6CC9928ACD}.Debug|Any CPU.ActiveCfg = Debug|Any CPU
		{31036066-EA79-465F-9489-4B6CC9928ACD}.Debug|Any CPU.Build.0 = Debug|Any CPU
		{31036066-EA79-465F-9489-4B6CC9928ACD}.Release|Any CPU.ActiveCfg = Release|Any CPU
		{31036066-EA79-465F-9489-4B6CC9928ACD}.Release|Any CPU.Build.0 = Release|Any CPU
	EndGlobalSection
	GlobalSection(SolutionProperties) = preSolution
		HideSolutionNode = FALSE
	EndGlobalSection
	GlobalSection(ExtensibilityGlobals) = postSolution
		SolutionGuid = {C93328AA-FDF2-40C1-967C-E7DD85BED49F}
	EndGlobalSection
EndGlobal
